{
	"name": "wallpaper",
	"version": "1.0.0",
	"lockfileVersion": 3,
	"requires": true,
	"packages": {
		"": {
			"name": "wallpaper",
			"version": "1.0.0",
			"dependencies": {
				"@moddable/pebbleproxy": "^0.1.0"
			}
		},
		"node_modules/@moddable/pebbleproxy": {
			"version": "0.1.5",
			"resolved": "https://registry.npmjs.org/@moddable/pebbleproxy/-/pebbleproxy-0.1.5.tgz",
			"integrity": "sha512-DZNRSEMcucrA9k05JcXGTYnRQ+Nnp+aFqNBhX17ocbfICcN6st/zacPS8A/xr+gNggsEtBJ8J4ZYX4DEhBG8sA=="
		}
	}
}
